// !$*UTF8*$!
{
	archiveVersion = 1;
	classes = {
	};
	objectVersion = 56;
	objects = {

/* Begin PBXBuildFile section */
		6DBC64B22A7B9DD900D2734B /* SLPerson.m in Sources */ = {isa = PBXBuildFile; fileRef = 6DBC64B12A7B9DD900D2734B /* SLPerson.m */; };
		6DBC64B52A7B9DEF00D2734B /* SLStudent.m in Sources */ = {isa = PBXBuildFile; fileRef = 6DBC64B42A7B9DEF00D2734B /* SLStudent.m */; };
		6DFF50DC2A7B669E00E585E2 /* AppDelegate.m in Sources */ = {isa = PBXBuildFile; fileRef = 6DFF50DB2A7B669E00E585E2 /* AppDelegate.m */; };
		6DFF50DF2A7B669E00E585E2 /* SceneDelegate.m in Sources */ = {isa = PBXBuildFile; fileRef = 6DFF50DE2A7B669E00E585E2 /* SceneDelegate.m */; };
		6DFF50E22A7B669E00E585E2 /* ViewController.m in Sources */ = {isa = PBXBuildFile; fileRef = 6DFF50E12A7B669E00E585E2 /* ViewController.m */; };
		6DFF50E52A7B669E00E585E2 /* Main.storyboard in Resources */ = {isa = PBXBuildFile; fileRef = 6DFF50E32A7B669E00E585E2 /* Main.storyboard */; };
		6DFF50E72A7B669F00E585E2 /* Assets.xcassets in Resources */ = {isa = PBXBuildFile; fileRef = 6DFF50E62A7B669F00E585E2 /* Assets.xcassets */; };
		6DFF50EA2A7B669F00E585E2 /* LaunchScreen.storyboard in Resources */ = {isa = PBXBuildFile; fileRef = 6DFF50E82A7B669F00E585E2 /* LaunchScreen.storyboard */; };
		6DFF50ED2A7B669F00E585E2 /* main.m in Sources */ = {isa = PBXBuildFile; fileRef = 6DFF50EC2A7B669F00E585E2 /* main.m */; };
/* End PBXBuildFile section */

/* Begin PBXFileReference section */
		6DBC64B02A7B9DD900D2734B /* SLPerson.h */ = {isa = PBXFileReference; lastKnownFileType = sourcecode.c.h; path = SLPerson.h; sourceTree = "<group>"; };
		6DBC64B12A7B9DD900D2734B /* SLPerson.m */ = {isa = PBXFileReference; lastKnownFileType = sourcecode.c.objc; path = SLPerson.m; sourceTree = "<group>"; };
		6DBC64B32A7B9DEF00D2734B /* SLStudent.h */ = {isa = PBXFileReference; lastKnownFileType = sourcecode.c.h; path = SLStudent.h; sourceTree = "<group>"; };
		6DBC64B42A7B9DEF00D2734B /* SLStudent.m */ = {isa = PBXFileReference; lastKnownFileType = sourcecode.c.objc; path = SLStudent.m; sourceTree = "<group>"; };
		6DFF50D72A7B669E00E585E2 /* OCBase.app */ = {isa = PBXFileReference; explicitFileType = wrapper.application; includeInIndex = 0; path = OCBase.app; sourceTree = BUILT_PRODUCTS_DIR; };
		6DFF50DA2A7B669E00E585E2 /* AppDelegate.h */ = {isa = PBXFileReference; lastKnownFileType = sourcecode.c.h; path = AppDelegate.h; sourceTree = "<group>"; };
		6DFF50DB2A7B669E00E585E2 /* AppDelegate.m */ = {isa = PBXFileReference; lastKnownFileType = sourcecode.c.objc; path = AppDelegate.m; sourceTree = "<group>"; };
		6DFF50DD2A7B669E00E585E2 /* SceneDelegate.h */ = {isa = PBXFileReference; lastKnownFileType = sourcecode.c.h; path = SceneDelegate.h; sourceTree = "<group>"; };
		6DFF50DE2A7B669E00E585E2 /* SceneDelegate.m */ = {isa = PBXFileReference; lastKnownFileType = sourcecode.c.objc; path = SceneDelegate.m; sourceTree = "<group>"; };
		6DFF50E02A7B669E00E585E2 /* ViewController.h */ = {isa = PBXFileReference; lastKnownFileType = sourcecode.c.h; path = ViewController.h; sourceTree = "<group>"; };
		6DFF50E12A7B669E00E585E2 /* ViewController.m */ = {isa = PBXFileReference; lastKnownFileType = sourcecode.c.objc; path = ViewController.m; sourceTree = "<group>"; };
		6DFF50E42A7B669E00E585E2 /* Base */ = {isa = PBXFileReference; lastKnownFileType = file.storyboard; name = Base; path = Base.lproj/Main.storyboard; sourceTree = "<group>"; };
		6DFF50E62A7B669F00E585E2 /* Assets.xcassets */ = {isa = PBXFileReference; lastKnownFileType = folder.assetcatalog; path = Assets.xcassets; sourceTree = "<group>"; };
		6DFF50E92A7B669F00E585E2 /* Base */ = {isa = PBXFileReference; lastKnownFileType = file.storyboard; name = Base; path = Base.lproj/LaunchScreen.storyboard; sourceTree = "<group>"; };
		6DFF50EB2A7B669F00E585E2 /* Info.plist */ = {isa = PBXFileReference; lastKnownFileType = text.plist.xml; path = Info.plist; sourceTree = "<group>"; };
		6DFF50EC2A7B669F00E585E2 /* main.m */ = {isa = PBXFileReference; lastKnownFileType = sourcecode.c.objc; path = main.m; sourceTree = "<group>"; };
/* End PBXFileReference section */

/* Begin PBXFrameworksBuildPhase section */
		6DFF50D42A7B669E00E585E2 /* Frameworks */ = {
			isa = PBXFrameworksBuildPhase;
			buildActionMask = 2147483647;
			files = (
			);
			runOnlyForDeploymentPostprocessing = 0;
		};
/* End PBXFrameworksBuildPhase section */

/* Begin PBXGroup section */
		6DBC64AE2A7B9D9C00D2734B /* ISA */ = {
			isa = PBXGroup;
			children = (
				6DBC64B02A7B9DD900D2734B /* SLPerson.h */,
				6DBC64B12A7B9DD900D2734B /* SLPerson.m */,
				6DBC64B32A7B9DEF00D2734B /* SLStudent.h */,
				6DBC64B42A7B9DEF00D2734B /* SLStudent.m */,
			);
			path = ISA;
			sourceTree = "<group>";
		};
		6DFF50CE2A7B669E00E585E2 = {
			isa = PBXGroup;
			children = (
				6DFF50D92A7B669E00E585E2 /* OCBase */,
				6DFF50D82A7B669E00E585E2 /* Products */,
			);
			sourceTree = "<group>";
		};
		6DFF50D82A7B669E00E585E2 /* Products */ = {
			isa = PBXGroup;
			children = (
				6DFF50D72A7B669E00E585E2 /* OCBase.app */,
			);
			name = Products;
			sourceTree = "<group>";
		};
		6DFF50D92A7B669E00E585E2 /* OCBase */ = {
			isa = PBXGroup;
			children = (
				6DBC64AE2A7B9D9C00D2734B /* ISA */,
				6DFF50DA2A7B669E00E585E2 /* AppDelegate.h */,
				6DFF50DB2A7B669E00E585E2 /* AppDelegate.m */,
				6DFF50DD2A7B669E00E585E2 /* SceneDelegate.h */,
				6DFF50DE2A7B669E00E585E2 /* SceneDelegate.m */,
				6DFF50E02A7B669E00E585E2 /* ViewController.h */,
				6DFF50E12A7B669E00E585E2 /* ViewController.m */,
				6DFF50E32A7B669E00E585E2 /* Main.storyboard */,
				6DFF50E62A7B669F00E585E2 /* Assets.xcassets */,
				6DFF50E82A7B669F00E585E2 /* LaunchScreen.storyboard */,
				6DFF50EB2A7B669F00E585E2 /* Info.plist */,
				6DFF50EC2A7B669F00E585E2 /* main.m */,
			);
			path = OCBase;
			sourceTree = "<group>";
		};
/* End PBXGroup section */

/* Begin PBXNativeTarget section */
		6DFF50D62A7B669E00E585E2 /* OCBase */ = {
			isa = PBXNativeTarget;
			buildConfigurationList = 6DFF50F02A7B669F00E585E2 /* Build configuration list for PBXNativeTarget "OCBase" */;
			buildPhases = (
				6DFF50D32A7B669E00E585E2 /* Sources */,
				6DFF50D42A7B669E00E585E2 /* Frameworks */,
				6DFF50D52A7B669E00E585E2 /* Resources */,
			);
			buildRules = (
			);
			dependencies = (
			);
			name = OCBase;
			productName = OCBase;
			productReference = 6DFF50D72A7B669E00E585E2 /* OCBase.app */;
			productType = "com.apple.product-type.application";
		};
/* End PBXNativeTarget section */

/* Begin PBXProject section */
		6DFF50CF2A7B669E00E585E2 /* Project object */ = {
			isa = PBXProject;
			attributes = {
				BuildIndependentTargetsInParallel = 1;
				LastUpgradeCheck = 1430;
				TargetAttributes = {
					6DFF50D62A7B669E00E585E2 = {
						CreatedOnToolsVersion = 14.3.1;
					};
				};
			};
			buildConfigurationList = 6DFF50D22A7B669E00E585E2 /* Build configuration list for PBXProject "OCBase" */;
			compatibilityVersion = "Xcode 14.0";
			developmentRegion = en;
			hasScannedForEncodings = 0;
			knownRegions = (
				en,
				Base,
			);
			mainGroup = 6DFF50CE2A7B669E00E585E2;
			productRefGroup = 6DFF50D82A7B669E00E585E2 /* Products */;
			projectDirPath = "";
			projectRoot = "";
			targets = (
				6DFF50D62A7B669E00E585E2 /* OCBase */,
			);
		};
/* End PBXProject section */

/* Begin PBXResourcesBuildPhase section */
		6DFF50D52A7B669E00E585E2 /* Resources */ = {
			isa = PBXResourcesBuildPhase;
			buildActionMask = 2147483647;
			files = (
				6DFF50EA2A7B669F00E585E2 /* LaunchScreen.storyboard in Resources */,
				6DFF50E72A7B669F00E585E2 /* Assets.xcassets in Resources */,
				6DFF50E52A7B669E00E585E2 /* Main.storyboard in Resources */,
			);
			runOnlyForDeploymentPostprocessing = 0;
		};
/* End PBXResourcesBuildPhase section */

/* Begin PBXSourcesBuildPhase section */
		6DFF50D32A7B669E00E585E2 /* Sources */ = {
			isa = PBXSourcesBuildPhase;
			buildActionMask = 2147483647;
			files = (
				6DFF50E22A7B669E00E585E2 /* ViewController.m in Sources */,
				6DFF50DC2A7B669E00E585E2 /* AppDelegate.m in Sources */,
				6DBC64B52A7B9DEF00D2734B /* SLStudent.m in Sources */,
				6DFF50ED2A7B669F00E585E2 /* main.m in Sources */,
				6DBC64B22A7B9DD900D2734B /* SLPerson.m in Sources */,
				6DFF50DF2A7B669E00E585E2 /* SceneDelegate.m in Sources */,
			);
			runOnlyForDeploymentPostprocessing = 0;
		};
/* End PBXSourcesBuildPhase section */

/* Begin PBXVariantGroup section */
		6DFF50E32A7B669E00E585E2 /* Main.storyboard */ = {
			isa = PBXVariantGroup;
			children = (
				6DFF50E42A7B669E00E585E2 /* Base */,
			);
			name = Main.storyboard;
			sourceTree = "<group>";
		};
		6DFF50E82A7B669F00E585E2 /* LaunchScreen.storyboard */ = {
			isa = PBXVariantGroup;
			children = (
				6DFF50E92A7B669F00E585E2 /* Base */,
			);
			name = LaunchScreen.storyboard;
			sourceTree = "<group>";
		};
/* End PBXVariantGroup section */

/* Begin XCBuildConfiguration section */
		6DFF50EE2A7B669F00E585E2 /* Debug */ = {
			isa = XCBuildConfiguration;
			buildSettings = {
				ALWAYS_SEARCH_USER_PATHS = NO;
				CLANG_ANALYZER_NONNULL = YES;
				CLANG_ANALYZER_NUMBER_OBJECT_CONVERSION = YES_AGGRESSIVE;
				CLANG_CXX_LANGUAGE_STANDARD = "gnu++20";
				CLANG_ENABLE_MODULES = YES;
				CLANG_ENABLE_OBJC_ARC = YES;
				CLANG_ENABLE_OBJC_WEAK = YES;
				CLANG_WARN_BLOCK_CAPTURE_AUTORELEASING = YES;
				CLANG_WARN_BOOL_CONVERSION = YES;
				CLANG_WARN_COMMA = YES;
				CLANG_WARN_CONSTANT_CONVERSION = YES;
				CLANG_WARN_DEPRECATED_OBJC_IMPLEMENTATIONS = YES;
				CLANG_WARN_DIRECT_OBJC_ISA_USAGE = YES_ERROR;
				CLANG_WARN_DOCUMENTATION_COMMENTS = YES;
				CLANG_WARN_EMPTY_BODY = YES;
				CLANG_WARN_ENUM_CONVERSION = YES;
				CLANG_WARN_INFINITE_RECURSION = YES;
				CLANG_WARN_INT_CONVERSION = YES;
				CLANG_WARN_NON_LITERAL_NULL_CONVERSION = YES;
				CLANG_WARN_OBJC_IMPLICIT_RETAIN_SELF = YES;
				CLANG_WARN_OBJC_LITERAL_CONVERSION = YES;
				CLANG_WARN_OBJC_ROOT_CLASS = YES_ERROR;
				CLANG_WARN_QUOTED_INCLUDE_IN_FRAMEWORK_HEADER = YES;
				CLANG_WARN_RANGE_LOOP_ANALYSIS = YES;
				CLANG_WARN_STRICT_PROTOTYPES = YES;
				CLANG_WARN_SUSPICIOUS_MOVE = YES;
				CLANG_WARN_UNGUARDED_AVAILABILITY = YES_AGGRESSIVE;
				CLANG_WARN_UNREACHABLE_CODE = YES;
				CLANG_WARN__DUPLICATE_METHOD_MATCH = YES;
				COPY_PHASE_STRIP = NO;
				DEBUG_INFORMATION_FORMAT = dwarf;
				ENABLE_STRICT_OBJC_MSGSEND = YES;
				ENABLE_TESTABILITY = YES;
				GCC_C_LANGUAGE_STANDARD = gnu11;
				GCC_DYNAMIC_NO_PIC = NO;
				GCC_NO_COMMON_BLOCKS = YES;
				GCC_OPTIMIZATION_LEVEL = 0;
				GCC_PREPROCESSOR_DEFINITIONS = (
					"DEBUG=1",
					"$(inherited)",
				);
				GCC_WARN_64_TO_32_BIT_CONVERSION = YES;
				GCC_WARN_ABOUT_RETURN_TYPE = YES_ERROR;
				GCC_WARN_UNDECLARED_SELECTOR = YES;
				GCC_WARN_UNINITIALIZED_AUTOS = YES_AGGRESSIVE;
				GCC_WARN_UNUSED_FUNCTION = YES;
				GCC_WARN_UNUSED_VARIABLE = YES;
				IPHONEOS_DEPLOYMENT_TARGET = 16.4;
				MTL_ENABLE_DEBUG_INFO = INCLUDE_SOURCE;
				MTL_FAST_MATH = YES;
				ONLY_ACTIVE_ARCH = YES;
				SDKROOT = iphoneos;
			};
			name = Debug;
		};
		6DFF50EF2A7B669F00E585E2 /* Release */ = {
			isa = XCBuildConfiguration;
			buildSettings = {
				ALWAYS_SEARCH_USER_PATHS = NO;
				CLANG_ANALYZER_NONNULL = YES;
				CLANG_ANALYZER_NUMBER_OBJECT_CONVERSION = YES_AGGRESSIVE;
				CLANG_CXX_LANGUAGE_STANDARD = "gnu++20";
				CLANG_ENABLE_MODULES = YES;
				CLANG_ENABLE_OBJC_ARC = YES;
				CLANG_ENABLE_OBJC_WEAK = YES;
				CLANG_WARN_BLOCK_CAPTURE_AUTORELEASING = YES;
				CLANG_WARN_BOOL_CONVERSION = YES;
				CLANG_WARN_COMMA = YES;
				CLANG_WARN_CONSTANT_CONVERSION = YES;
				CLANG_WARN_DEPRECATED_OBJC_IMPLEMENTATIONS = YES;
				CLANG_WARN_DIRECT_OBJC_ISA_USAGE = YES_ERROR;
				CLANG_WARN_DOCUMENTATION_COMMENTS = YES;
				CLANG_WARN_EMPTY_BODY = YES;
				CLANG_WARN_ENUM_CONVERSION = YES;
				CLANG_WARN_INFINITE_RECURSION = YES;
				CLANG_WARN_INT_CONVERSION = YES;
				CLANG_WARN_NON_LITERAL_NULL_CONVERSION = YES;
				CLANG_WARN_OBJC_IMPLICIT_RETAIN_SELF = YES;
				CLANG_WARN_OBJC_LITERAL_CONVERSION = YES;
				CLANG_WARN_OBJC_ROOT_CLASS = YES_ERROR;
				CLANG_WARN_QUOTED_INCLUDE_IN_FRAMEWORK_HEADER = YES;
				CLANG_WARN_RANGE_LOOP_ANALYSIS = YES;
				CLANG_WARN_STRICT_PROTOTYPES = YES;
				CLANG_WARN_SUSPICIOUS_MOVE = YES;
				CLANG_WARN_UNGUARDED_AVAILABILITY = YES_AGGRESSIVE;
				CLANG_WARN_UNREACHABLE_CODE = YES;
				CLANG_WARN__DUPLICATE_METHOD_MATCH = YES;
				COPY_PHASE_STRIP = NO;
				DEBUG_INFORMATION_FORMAT = "dwarf-with-dsym";
				ENABLE_NS_ASSERTIONS = NO;
				ENABLE_STRICT_OBJC_MSGSEND = YES;
				GCC_C_LANGUAGE_STANDARD = gnu11;
				GCC_NO_COMMON_BLOCKS = YES;
				GCC_WARN_64_TO_32_BIT_CONVERSION = YES;
				GCC_WARN_ABOUT_RETURN_TYPE = YES_ERROR;
				GCC_WARN_UNDECLARED_SELECTOR = YES;
				GCC_WARN_UNINITIALIZED_AUTOS = YES_AGGRESSIVE;
				GCC_WARN_UNUSED_FUNCTION = YES;
				GCC_WARN_UNUSED_VARIABLE = YES;
				IPHONEOS_DEPLOYMENT_TARGET = 16.4;
				MTL_ENABLE_DEBUG_INFO = NO;
				MTL_FAST_MATH = YES;
				SDKROOT = iphoneos;
				VALIDATE_PRODUCT = YES;
			};
			name = Release;
		};
		6DFF50F12A7B669F00E585E2 /* Debug */ = {
			isa = XCBuildConfiguration;
			buildSettings = {
				ASSETCATALOG_COMPILER_APPICON_NAME = AppIcon;
				ASSETCATALOG_COMPILER_GLOBAL_ACCENT_COLOR_NAME = AccentColor;
				CODE_SIGN_STYLE = Automatic;
				CURRENT_PROJECT_VERSION = 1;
				DEVELOPMENT_TEAM = N9C3BTD9LM;
				GENERATE_INFOPLIST_FILE = YES;
				INFOPLIST_FILE = OCBase/Info.plist;
				INFOPLIST_KEY_UIApplicationSupportsIndirectInputEvents = YES;
				INFOPLIST_KEY_UILaunchStoryboardName = LaunchScreen;
				INFOPLIST_KEY_UIMainStoryboardFile = Main;
				INFOPLIST_KEY_UISupportedInterfaceOrientations_iPad = "UIInterfaceOrientationPortrait UIInterfaceOrientationPortraitUpsideDown UIInterfaceOrientationLandscapeLeft UIInterfaceOrientationLandscapeRight";
				INFOPLIST_KEY_UISupportedInterfaceOrientations_iPhone = "UIInterfaceOrientationPortrait UIInterfaceOrientationLandscapeLeft UIInterfaceOrientationLandscapeRight";
				IPHONEOS_DEPLOYMENT_TARGET = 14.0;
				LD_RUNPATH_SEARCH_PATHS = (
					"$(inherited)",
					"@executable_path/Frameworks",
				);
				MARKETING_VERSION = 1.0;
				PRODUCT_BUNDLE_IDENTIFIER = com.tencent.sldemo;
				PRODUCT_NAME = "$(TARGET_NAME)";
				SWIFT_EMIT_LOC_STRINGS = YES;
				TARGETED_DEVICE_FAMILY = "1,2";
			};
			name = Debug;
		};
		6DFF50F22A7B669F00E585E2 /* Release */ = {
			isa = XCBuildConfiguration;
			buildSettings = {
				ASSETCATALOG_COMPILER_APPICON_NAME = AppIcon;
				ASSETCATALOG_COMPILER_GLOBAL_ACCENT_COLOR_NAME = AccentColor;
				CODE_SIGN_STYLE = Automatic;
				CURRENT_PROJECT_VERSION = 1;
				DEVELOPMENT_TEAM = N9C3BTD9LM;
				GENERATE_INFOPLIST_FILE = YES;
				INFOPLIST_FILE = OCBase/Info.plist;
				INFOPLIST_KEY_UIApplicationSupportsIndirectInputEvents = YES;
				INFOPLIST_KEY_UILaunchStoryboardName = LaunchScreen;
				INFOPLIST_KEY_UIMainStoryboardFile = Main;
				INFOPLIST_KEY_UISupportedInterfaceOrientations_iPad = "UIInterfaceOrientationPortrait UIInterfaceOrientationPortraitUpsideDown UIInterfaceOrientationLandscapeLeft UIInterfaceOrientationLandscapeRight";
				INFOPLIST_KEY_UISupportedInterfaceOrientations_iPhone = "UIInterfaceOrientationPortrait UIInterfaceOrientationLandscapeLeft UIInterfaceOrientationLandscapeRight";
				IPHONEOS_DEPLOYMENT_TARGET = 14.0;
				LD_RUNPATH_SEARCH_PATHS = (
					"$(inherited)",
					"@executable_path/Frameworks",
				);
				MARKETING_VERSION = 1.0;
				PRODUCT_BUNDLE_IDENTIFIER = com.tencent.sldemo;
				PRODUCT_NAME = "$(TARGET_NAME)";
				SWIFT_EMIT_LOC_STRINGS = YES;
				TARGETED_DEVICE_FAMILY = "1,2";
			};
			name = Release;
		};
/* End XCBuildConfiguration section */

/* Begin XCConfigurationList section */
		6DFF50D22A7B669E00E585E2 /* Build configuration list for PBXProject "OCBase" */ = {
			isa = XCConfigurationList;
			buildConfigurations = (
				6DFF50EE2A7B669F00E585E2 /* Debug */,
				6DFF50EF2A7B669F00E585E2 /* Release */,
			);
			defaultConfigurationIsVisible = 0;
			defaultConfigurationName = Release;
		};
		6DFF50F02A7B669F00E585E2 /* Build configuration list for PBXNativeTarget "OCBase" */ = {
			isa = XCConfigurationList;
			buildConfigurations = (
				6DFF50F12A7B669F00E585E2 /* Debug */,
				6DFF50F22A7B669F00E585E2 /* Release */,
			);
			defaultConfigurationIsVisible = 0;
			defaultConfigurationName = Release;
		};
/* End XCConfigurationList section */
	};
	rootObject = 6DFF50CF2A7B669E00E585E2 /* Project object */;
}
